
Microsoft Visual Studio Solution File, Format Version 12.00
# Visual Studio Version 17
VisualStudioVersion = 17.11.35312.102
MinimumVisualStudioVersion = 10.0.40219.1
Project("{FAE04EC0-301F-11D3-BF4B-00C04F79EFBC}") = "RedarborEmployees.Web", "RedarborEmployees.Web\RedarborEmployees.Web.csproj", "{0C084E17-A9F7-4446-80DD-C4562F1ECAF2}"
	ProjectSection(ProjectDependencies) = postProject
		{D5F43628-3FBA-4260-930A-35B57AFBB981} = {D5F43628-3FBA-4260-930A-35B57AFBB981}
	EndProjectSection
EndProject
Project("{FAE04EC0-301F-11D3-BF4B-00C04F79EFBC}") = "RedarborEmployees.Infrastructure", "Redarbor.Employees.Infrastructure\RedarborEmployees.Infrastructure.csproj", "{D5F43628-3FBA-4260-930A-35B57AFBB981}"
EndProject
Project("{FAE04EC0-301F-11D3-BF4B-00C04F79EFBC}") = "RedarborEmployees.Domain", "Redarbor.Employees.Domain\RedarborEmployees.Domain.csproj", "{4A0EF8A4-DAE9-42D0-AB60-227A181FA588}"
EndProject
Project("{FAE04EC0-301F-11D3-BF4B-00C04F79EFBC}") = "RedarborEmployees.Application", "RedarborEmployees.Application\RedarborEmployees.Application.csproj", "{B4E98E40-6EE2-4931-AE56-9617227F59A8}"
EndProject
Project("{FAE04EC0-301F-11D3-BF4B-00C04F79EFBC}") = "RedarborEmployees.API", "RedarborEmployees.API\RedarborEmployees.API.csproj", "{F6860A7C-3FD3-47C4-959C-8D1DF772C1E4}"
EndProject
Global
	GlobalSection(SolutionConfigurationPlatforms) = preSolution
		Debug|Any CPU = Debug|Any CPU
		Release|Any CPU = Release|Any CPU
	EndGlobalSection
	GlobalSection(ProjectConfigurationPlatforms) = postSolution
		{0C084E17-A9F7-4446-80DD-C4562F1ECAF2}.Debug|Any CPU.ActiveCfg = Debug|Any CPU
		{0C084E17-A9F7-4446-80DD-C4562F1ECAF2}.Debug|Any CPU.Build.0 = Debug|Any CPU
		{0C084E17-A9F7-4446-80DD-C4562F1ECAF2}.Release|Any CPU.ActiveCfg = Release|Any CPU
		{0C084E17-A9F7-4446-80DD-C4562F1ECAF2}.Release|Any CPU.Build.0 = Release|Any CPU
		{D5F43628-3FBA-4260-930A-35B57AFBB981}.Debug|Any CPU.ActiveCfg = Debug|Any CPU
		{D5F43628-3FBA-4260-930A-35B57AFBB981}.Debug|Any CPU.Build.0 = Debug|Any CPU
		{D5F43628-3FBA-4260-930A-35B57AFBB981}.Release|Any CPU.ActiveCfg = Release|Any CPU
		{D5F43628-3FBA-4260-930A-35B57AFBB981}.Release|Any CPU.Build.0 = Release|Any CPU
		{4A0EF8A4-DAE9-42D0-AB60-227A181FA588}.Debug|Any CPU.ActiveCfg = Debug|Any CPU
		{4A0EF8A4-DAE9-42D0-AB60-227A181FA588}.Debug|Any CPU.Build.0 = Debug|Any CPU
		{4A0EF8A4-DAE9-42D0-AB60-227A181FA588}.Release|Any CPU.ActiveCfg = Release|Any CPU
		{4A0EF8A4-DAE9-42D0-AB60-227A181FA588}.Release|Any CPU.Build.0 = Release|Any CPU
		{B4E98E40-6EE2-4931-AE56-9617227F59A8}.Debug|Any CPU.ActiveCfg = Debug|Any CPU
		{B4E98E40-6EE2-4931-AE56-9617227F59A8}.Debug|Any CPU.Build.0 = Debug|Any CPU
		{B4E98E40-6EE2-4931-AE56-9617227F59A8}.Release|Any CPU.ActiveCfg = Release|Any CPU
		{B4E98E40-6EE2-4931-AE56-9617227F59A8}.Release|Any CPU.Build.0 = Release|Any CPU
		{F6860A7C-3FD3-47C4-959C-8D1DF772C1E4}.Debug|Any CPU.ActiveCfg = Debug|Any CPU
		{F6860A7C-3FD3-47C4-959C-8D1DF772C1E4}.Debug|Any CPU.Build.0 = Debug|Any CPU
		{F6860A7C-3FD3-47C4-959C-8D1DF772C1E4}.Release|Any CPU.ActiveCfg = Release|Any CPU
		{F6860A7C-3FD3-47C4-959C-8D1DF772C1E4}.Release|Any CPU.Build.0 = Release|Any CPU
	EndGlobalSection
	GlobalSection(SolutionProperties) = preSolution
		HideSolutionNode = FALSE
	EndGlobalSection
	GlobalSection(ExtensibilityGlobals) = postSolution
		SolutionGuid = {86DAE50E-FB08-44F3-9F9E-4AA66F69B98A}
	EndGlobalSection
EndGlobal
